{
    "_readme": [
        "This file locks the dependencies of your project to a known state",
        "Read more about it at https://getcomposer.org/doc/01-basic-usage.md#installing-dependencies",
        "This file is @generated automatically"
    ],
    "content-hash": "00d39d3beae89c193dadfc585b8408cf",
    "packages": [],
    "packages-dev": [
        {
            "name": "fgribreau/mailchecker",
            "version": "dev-master",
            "source": {
                "type": "git",
                "url": "https://github.com/FGRibreau/mailchecker.git",
                "reference": "d0ac12844391e36988b777182b2b343cdd9f81fc"
            },
            "dist": {
                "type": "zip",
                "url": "https://api.github.com/repos/FGRibreau/mailchecker/zipball/d0ac12844391e36988b777182b2b343cdd9f81fc",
                "reference": "d0ac12844391e36988b777182b2b343cdd9f81fc",
                "shasum": ""
            },
            "require-dev": {
                "phpunit/phpunit": "^7.0"
            },
            "type": "library",
            "autoload": {
                "classmap": [
                    "platform/php/MailChecker.php"
                ]
            },
            "notification-url": "https://packagist.org/downloads/",
            "license": [
                "MIT"
            ],
            "description": "Temporary (disposable/throwaway) email detection library. Covers 1987 fake email providers.",
            "keywords": [
                "detection",
                "email",
                "fake"
            ],
            "time": "2019-11-20T08:37:41+00:00"
        },
        {
            "name": "ivolo/disposable-email-domains",
            "version": "dev-master",
            "source": {
                "type": "git",
                "url": "https://github.com/ivolo/disposable-email-domains.git",
                "reference": "cd45f5ac86166d81b21e5575cc45cbbe02636efb"
            },
            "type": "library",
            "license": [
                "MIT"
            ],
            "authors": [
                {
                    "name": "Ilya Volodarsky",
                    "email": "ivolodarsky@gmail.com",
                    "role": "Maintainer"
                }
            ],
            "description": "disposable domains list",
            "keywords": [
                "disposable",
                "domains"
            ],
            "time": "2019-11-20T04:47:59+00:00"
        },
        {
            "name": "martenson/disposable-email-domains",
            "version": "1",
            "source": {
                "type": "git",
                "url": "https://github.com/martenson/disposable-email-domains",
                "reference": "master"
            },
            "type": "library"
        },
        {
            "name": "mattketmo/email-checker",
            "version": "dev-master",
            "source": {
                "type": "git",
                "url": "https://github.com/MattKetmo/EmailChecker.git",
                "reference": "e325d2b54403100054676de3f399d26bf3362501"
            },
            "dist": {
                "type": "zip",
                "url": "https://api.github.com/repos/MattKetmo/EmailChecker/zipball/e325d2b54403100054676de3f399d26bf3362501",
                "reference": "e325d2b54403100054676de3f399d26bf3362501",
                "shasum": ""
            },
            "require": {
                "php": "^5.4 || ^7.0"
            },
            "require-dev": {
                "friendsofphp/php-cs-fixer": "^1.9",
                "knplabs/gaufrette": ">=0.1,<=0.8",
                "phpunit/phpunit": "^4.8",
                "symfony/validator": "^2.1 || ^3.0 || ^4.0"
            },
            "suggest": {
                "knplabs/gaufrette": "Use filesystem abstraction layer to read data",
                "symfony/validator": "Add validation constraints"
            },
            "type": "library",
            "extra": {
                "laravel": {
                    "providers": [
                        "EmailChecker\\Laravel\\EmailCheckerServiceProvider"
                    ],
                    "aliases": {
                        "EmailChecker": "EmailChecker\\Laravel\\EmailCheckerFacade"
                    }
                }
            },
            "autoload": {
                "psr-4": {
                    "EmailChecker\\": "src/EmailChecker"
                }
            },
            "notification-url": "https://packagist.org/downloads/",
            "license": [
                "MIT"
            ],
            "authors": [
                {
                    "name": "Matthieu Moquet",
                    "email": "matthieu@moquet.net"
                }
            ],
            "description": "Throwaway email detection library",
            "keywords": [
                "check",
                "disposable",
                "email",
                "throwaway"
            ],
            "time": "2019-06-04T07:35:43+00:00"
        }
    ],
    "aliases": [],
    "minimum-stability": "stable",
    "stability-flags": {
        "ivolo/disposable-email-domains": 20,
        "mattketmo/email-checker": 20,
        "fgribreau/mailchecker": 20
    },
    "prefer-stable": false,
    "prefer-lowest": false,
    "platform": {
        "php": ">=5.4"
    },
    "platform-dev": []
}
